
Microsoft Visual Studio Solution File, Format Version 12.00
# Visual Studio Version 16
VisualStudioVersion = 16.0.29306.81
MinimumVisualStudioVersion = 10.0.40219.1
Project("{FAE04EC0-301F-11D3-BF4B-00C04F79EFBC}") = "DotnetCRUD", "DotnetCRUD\DotnetCRUD.csproj", "{04CA6021-30B9-4B06-8124-F3AF422C09AB}"
EndProject
Global
	GlobalSection(SolutionConfigurationPlatforms) = preSolution
		Debug|Any CPU = Debug|Any CPU
		Release|Any CPU = Release|Any CPU
	EndGlobalSection
	GlobalSection(ProjectConfigurationPlatforms) = postSolution
		{04CA6021-30B9-4B06-8124-F3AF422C09AB}.Debug|Any CPU.ActiveCfg = Debug|Any CPU
		{04CA6021-30B9-4B06-8124-F3AF422C09AB}.Debug|Any CPU.Build.0 = Debug|Any CPU
		{04CA6021-30B9-4B06-8124-F3AF422C09AB}.Release|Any CPU.ActiveCfg = Release|Any CPU
		{04CA6021-30B9-4B06-8124-F3AF422C09AB}.Release|Any CPU.Build.0 = Release|Any CPU
	EndGlobalSection
	GlobalSection(SolutionProperties) = preSolution
		HideSolutionNode = FALSE
	EndGlobalSection
	GlobalSection(ExtensibilityGlobals) = postSolution
		SolutionGuid = {FD0593F8-F489-44B7-B528-87911ED0F94D}
	EndGlobalSection
EndGlobal
